// !$*UTF8*$!
{
	archiveVersion = 1;
	classes = {
	};
	objectVersion = 56;
	objects = {

/* Begin PBXBuildFile section */
		0E0A637029ED9E1400DB7540 /* RefreshButton.swift in Sources */ = {isa = PBXBuildFile; fileRef = 0E0A636F29ED9E1400DB7540 /* RefreshButton.swift */; };
		0E0A637229ED9F3C00DB7540 /* MagicButton.swift in Sources */ = {isa = PBXBuildFile; fileRef = 0E0A637129ED9F3C00DB7540 /* MagicButton.swift */; };
		0E0A9D5629E9BFDB00D7BEC5 /* CowriterLogo.swift in Sources */ = {isa = PBXBuildFile; fileRef = 0E0A9D5529E9BFDB00D7BEC5 /* CowriterLogo.swift */; };
		0E0A9D5829E9C0AA00D7BEC5 /* Prompter.swift in Sources */ = {isa = PBXBuildFile; fileRef = 0E0A9D5729E9C0AA00D7BEC5 /* Prompter.swift */; };
		0E0A9D5A29E9CB3B00D7BEC5 /* ChatModel.swift in Sources */ = {isa = PBXBuildFile; fileRef = 0E0A9D5929E9CB3B00D7BEC5 /* ChatModel.swift */; };
		0E380FBB2A069420002F0B2E /* SideBarView.swift in Sources */ = {isa = PBXBuildFile; fileRef = 0E380FBA2A069420002F0B2E /* SideBarView.swift */; };
		0E5048EA2A0C1228006E55EF /* GPT3 Tokenizer in Frameworks */ = {isa = PBXBuildFile; productRef = 0E5048E92A0C1228006E55EF /* GPT3 Tokenizer */; };
		0E5CB96B2A09FAF8000A0B94 /* MainConfiguration.storekit in Resources */ = {isa = PBXBuildFile; fileRef = 0E5CB96A2A09FAF8000A0B94 /* MainConfiguration.storekit */; };
		0E5CB96F2A0A0AFF000A0B94 /* PurchaseManager.swift in Sources */ = {isa = PBXBuildFile; fileRef = 0E5CB96E2A0A0AFF000A0B94 /* PurchaseManager.swift */; };
		0E5CB9732A0A45F3000A0B94 /* EntitlementManager.swift in Sources */ = {isa = PBXBuildFile; fileRef = 0E5CB9722A0A45F3000A0B94 /* EntitlementManager.swift */; };
		0E6A654E29DD25C0003457DF /* cowriterApp.swift in Sources */ = {isa = PBXBuildFile; fileRef = 0E6A654D29DD25C0003457DF /* cowriterApp.swift */; };
		0E6A655029DD25C0003457DF /* ContentView.swift in Sources */ = {isa = PBXBuildFile; fileRef = 0E6A654F29DD25C0003457DF /* ContentView.swift */; };
		0E6A655229DD25C1003457DF /* Assets.xcassets in Resources */ = {isa = PBXBuildFile; fileRef = 0E6A655129DD25C1003457DF /* Assets.xcassets */; };
		0E6A655729DD25C1003457DF /* Persistence.swift in Sources */ = {isa = PBXBuildFile; fileRef = 0E6A655629DD25C1003457DF /* Persistence.swift */; };
		0E6A655A29DD25C1003457DF /* cowriter.xcdatamodeld in Sources */ = {isa = PBXBuildFile; fileRef = 0E6A655829DD25C1003457DF /* cowriter.xcdatamodeld */; };
		0E7C414029F95CE50075B638 /* ChatView.swift in Sources */ = {isa = PBXBuildFile; fileRef = 0E7C413F29F95CE50075B638 /* ChatView.swift */; };
		0E91DD2C2A08D400005041BA /* BubbleChatViews.swift in Sources */ = {isa = PBXBuildFile; fileRef = 0E91DD2B2A08D400005041BA /* BubbleChatViews.swift */; };
		0E91DD2E2A08D4D2005041BA /* CowriterToolbarView.swift in Sources */ = {isa = PBXBuildFile; fileRef = 0E91DD2D2A08D4D2005041BA /* CowriterToolbarView.swift */; };
		0E91DD302A08D517005041BA /* GreetingView.swift in Sources */ = {isa = PBXBuildFile; fileRef = 0E91DD2F2A08D517005041BA /* GreetingView.swift */; };
		0E91DD362A092213005041BA /* iTextField in Frameworks */ = {isa = PBXBuildFile; productRef = 0E91DD352A092213005041BA /* iTextField */; };
		0EB86DD329FE5F41005B5EE1 /* ErrorMessageView.swift in Sources */ = {isa = PBXBuildFile; fileRef = 0EB86DD229FE5F41005B5EE1 /* ErrorMessageView.swift */; };
		0EB86DDC29FEE107005B5EE1 /* AsisstView.swift in Sources */ = {isa = PBXBuildFile; fileRef = 0EB86DDB29FEE107005B5EE1 /* AsisstView.swift */; };
		0EB8ABFA29ED229900B882DA /* PhotonOpenAIKit in Frameworks */ = {isa = PBXBuildFile; productRef = 0EB8ABF929ED229900B882DA /* PhotonOpenAIKit */; };
		0EB8ABFD29ED276F00B882DA /* ResultCard.swift in Sources */ = {isa = PBXBuildFile; fileRef = 0EB8ABFC29ED276F00B882DA /* ResultCard.swift */; };
		0EB8AC0029ED6DEE00B882DA /* CowriterModel.swift in Sources */ = {isa = PBXBuildFile; fileRef = 0EB8ABFF29ED6DEE00B882DA /* CowriterModel.swift */; };
		0EC312E729E80C1B00C9FE68 /* CowriterVM.swift in Sources */ = {isa = PBXBuildFile; fileRef = 0EC312E629E80C1B00C9FE68 /* CowriterVM.swift */; };
		0ECC7BF929DD3DD0002A6B7F /* GrammarView.swift in Sources */ = {isa = PBXBuildFile; fileRef = 0ECC7BF829DD3DD0002A6B7F /* GrammarView.swift */; };
		0ECC7BFC29DD4D7D002A6B7F /* GrammarActionsView.swift in Sources */ = {isa = PBXBuildFile; fileRef = 0ECC7BFB29DD4D7D002A6B7F /* GrammarActionsView.swift */; };
		0ECC7BFE29DD4EE1002A6B7F /* GrammarVM.swift in Sources */ = {isa = PBXBuildFile; fileRef = 0ECC7BFD29DD4EE1002A6B7F /* GrammarVM.swift */; };
		0ECC7C0029DD4F1D002A6B7F /* GrammarModel.swift in Sources */ = {isa = PBXBuildFile; fileRef = 0ECC7BFF29DD4F1D002A6B7F /* GrammarModel.swift */; };
		0ECC7C0329DD921A002A6B7F /* CompletionsModel.swift in Sources */ = {isa = PBXBuildFile; fileRef = 0ECC7C0229DD921A002A6B7F /* CompletionsModel.swift */; };
		0ECC7C0629DDA552002A6B7F /* APIEndpoint.swift in Sources */ = {isa = PBXBuildFile; fileRef = 0ECC7C0529DDA552002A6B7F /* APIEndpoint.swift */; };
		0ECC7C0829DDBC92002A6B7F /* Keychain.swift in Sources */ = {isa = PBXBuildFile; fileRef = 0ECC7C0729DDBC92002A6B7F /* Keychain.swift */; };
		0ECC7C0B29DEA6E4002A6B7F /* Utils.swift in Sources */ = {isa = PBXBuildFile; fileRef = 0ECC7C0A29DEA6E4002A6B7F /* Utils.swift */; };
		0ECC7C0D29DEAB54002A6B7F /* APIRequest.swift in Sources */ = {isa = PBXBuildFile; fileRef = 0ECC7C0C29DEAB54002A6B7F /* APIRequest.swift */; };
		0ECC7C1029DEC31A002A6B7F /* CircularLoading.swift in Sources */ = {isa = PBXBuildFile; fileRef = 0ECC7C0F29DEC31A002A6B7F /* CircularLoading.swift */; };
		0EE49E0029E482060058DB14 /* Alamofire in Frameworks */ = {isa = PBXBuildFile; productRef = 0EE49DFF29E482060058DB14 /* Alamofire */; };
		0EE49E0229E6BD790058DB14 /* ThreeDotsLoading.swift in Sources */ = {isa = PBXBuildFile; fileRef = 0EE49E0129E6BD790058DB14 /* ThreeDotsLoading.swift */; };
		0EE49E0529E6C0600058DB14 /* CowriterView.swift in Sources */ = {isa = PBXBuildFile; fileRef = 0EE49E0429E6C0600058DB14 /* CowriterView.swift */; };
		0EE49E0829E6C0FA0058DB14 /* HistoryView.swift in Sources */ = {isa = PBXBuildFile; fileRef = 0EE49E0729E6C0FA0058DB14 /* HistoryView.swift */; };
		0EE49E0C29E6DCFF0058DB14 /* Extensions.swift in Sources */ = {isa = PBXBuildFile; fileRef = 0EE49E0B29E6DCFF0058DB14 /* Extensions.swift */; };
		0EE845F62A0529020025060F /* SettingView.swift in Sources */ = {isa = PBXBuildFile; fileRef = 0EE845F52A0529020025060F /* SettingView.swift */; };
		0EE845F92A0667BC0025060F /* SubscriptionView.swift in Sources */ = {isa = PBXBuildFile; fileRef = 0EE845F82A0667BC0025060F /* SubscriptionView.swift */; };
		0EE845FB2A0669740025060F /* ItemPlanView.swift in Sources */ = {isa = PBXBuildFile; fileRef = 0EE845FA2A0669740025060F /* ItemPlanView.swift */; };
		0EE845FD2A0669F70025060F /* Enums.swift in Sources */ = {isa = PBXBuildFile; fileRef = 0EE845FC2A0669F70025060F /* Enums.swift */; };
		0EE845FF2A066A960025060F /* _Shapes.swift in Sources */ = {isa = PBXBuildFile; fileRef = 0EE845FE2A066A960025060F /* _Shapes.swift */; };
		0EEC231129FC30E00052AA05 /* HamburgerToClose.swift in Sources */ = {isa = PBXBuildFile; fileRef = 0EEC231029FC30E00052AA05 /* HamburgerToClose.swift */; };
		0EF164B529F2EC8700CC35B1 /* ChatType+CoreDataClass.swift in Sources */ = {isa = PBXBuildFile; fileRef = 0EF164B129F2EC8700CC35B1 /* ChatType+CoreDataClass.swift */; };
		0EF164B629F2EC8700CC35B1 /* ChatType+CoreDataProperties.swift in Sources */ = {isa = PBXBuildFile; fileRef = 0EF164B229F2EC8700CC35B1 /* ChatType+CoreDataProperties.swift */; };
		0EF164B729F2EC8700CC35B1 /* ResultType+CoreDataClass.swift in Sources */ = {isa = PBXBuildFile; fileRef = 0EF164B329F2EC8700CC35B1 /* ResultType+CoreDataClass.swift */; };
		0EF164B829F2EC8700CC35B1 /* ResultType+CoreDataProperties.swift in Sources */ = {isa = PBXBuildFile; fileRef = 0EF164B429F2EC8700CC35B1 /* ResultType+CoreDataProperties.swift */; };
/* End PBXBuildFile section */

/* Begin PBXFileReference section */
		0E0A636F29ED9E1400DB7540 /* RefreshButton.swift */ = {isa = PBXFileReference; lastKnownFileType = sourcecode.swift; path = RefreshButton.swift; sourceTree = "<group>"; };
		0E0A637129ED9F3C00DB7540 /* MagicButton.swift */ = {isa = PBXFileReference; lastKnownFileType = sourcecode.swift; path = MagicButton.swift; sourceTree = "<group>"; };
		0E0A9D5529E9BFDB00D7BEC5 /* CowriterLogo.swift */ = {isa = PBXFileReference; lastKnownFileType = sourcecode.swift; path = CowriterLogo.swift; sourceTree = "<group>"; };
		0E0A9D5729E9C0AA00D7BEC5 /* Prompter.swift */ = {isa = PBXFileReference; lastKnownFileType = sourcecode.swift; path = Prompter.swift; sourceTree = "<group>"; };
		0E0A9D5929E9CB3B00D7BEC5 /* ChatModel.swift */ = {isa = PBXFileReference; lastKnownFileType = sourcecode.swift; path = ChatModel.swift; sourceTree = "<group>"; };
		0E380FBA2A069420002F0B2E /* SideBarView.swift */ = {isa = PBXFileReference; lastKnownFileType = sourcecode.swift; path = SideBarView.swift; sourceTree = "<group>"; };
		0E5CB96A2A09FAF8000A0B94 /* MainConfiguration.storekit */ = {isa = PBXFileReference; lastKnownFileType = text; name = MainConfiguration.storekit; path = cowriter/MainConfiguration.storekit; sourceTree = "<group>"; };
		0E5CB96E2A0A0AFF000A0B94 /* PurchaseManager.swift */ = {isa = PBXFileReference; lastKnownFileType = sourcecode.swift; path = PurchaseManager.swift; sourceTree = "<group>"; };
		0E5CB9722A0A45F3000A0B94 /* EntitlementManager.swift */ = {isa = PBXFileReference; lastKnownFileType = sourcecode.swift; path = EntitlementManager.swift; sourceTree = "<group>"; };
		0E6A654A29DD25C0003457DF /* cowriter.app */ = {isa = PBXFileReference; explicitFileType = wrapper.application; includeInIndex = 0; path = cowriter.app; sourceTree = BUILT_PRODUCTS_DIR; };
		0E6A654D29DD25C0003457DF /* cowriterApp.swift */ = {isa = PBXFileReference; lastKnownFileType = sourcecode.swift; path = cowriterApp.swift; sourceTree = "<group>"; };
		0E6A654F29DD25C0003457DF /* ContentView.swift */ = {isa = PBXFileReference; lastKnownFileType = sourcecode.swift; path = ContentView.swift; sourceTree = "<group>"; };
		0E6A655129DD25C1003457DF /* Assets.xcassets */ = {isa = PBXFileReference; lastKnownFileType = folder.assetcatalog; path = Assets.xcassets; sourceTree = "<group>"; };
		0E6A655629DD25C1003457DF /* Persistence.swift */ = {isa = PBXFileReference; lastKnownFileType = sourcecode.swift; path = Persistence.swift; sourceTree = "<group>"; };
		0E6A655929DD25C1003457DF /* cowriter.xcdatamodel */ = {isa = PBXFileReference; lastKnownFileType = wrapper.xcdatamodel; path = cowriter.xcdatamodel; sourceTree = "<group>"; };
		0E6A655B29DD25C1003457DF /* Info.plist */ = {isa = PBXFileReference; lastKnownFileType = text.plist.xml; path = Info.plist; sourceTree = "<group>"; };
		0E7C413F29F95CE50075B638 /* ChatView.swift */ = {isa = PBXFileReference; lastKnownFileType = sourcecode.swift; path = ChatView.swift; sourceTree = "<group>"; };
		0E91DD2B2A08D400005041BA /* BubbleChatViews.swift */ = {isa = PBXFileReference; lastKnownFileType = sourcecode.swift; path = BubbleChatViews.swift; sourceTree = "<group>"; };
		0E91DD2D2A08D4D2005041BA /* CowriterToolbarView.swift */ = {isa = PBXFileReference; lastKnownFileType = sourcecode.swift; path = CowriterToolbarView.swift; sourceTree = "<group>"; };
		0E91DD2F2A08D517005041BA /* GreetingView.swift */ = {isa = PBXFileReference; lastKnownFileType = sourcecode.swift; path = GreetingView.swift; sourceTree = "<group>"; };
		0EB86DD229FE5F41005B5EE1 /* ErrorMessageView.swift */ = {isa = PBXFileReference; lastKnownFileType = sourcecode.swift; path = ErrorMessageView.swift; sourceTree = "<group>"; };
		0EB86DDB29FEE107005B5EE1 /* AsisstView.swift */ = {isa = PBXFileReference; lastKnownFileType = sourcecode.swift; path = AsisstView.swift; sourceTree = "<group>"; };
		0EB8ABFC29ED276F00B882DA /* ResultCard.swift */ = {isa = PBXFileReference; lastKnownFileType = sourcecode.swift; path = ResultCard.swift; sourceTree = "<group>"; };
		0EB8ABFF29ED6DEE00B882DA /* CowriterModel.swift */ = {isa = PBXFileReference; lastKnownFileType = sourcecode.swift; path = CowriterModel.swift; sourceTree = "<group>"; };
		0EC312E629E80C1B00C9FE68 /* CowriterVM.swift */ = {isa = PBXFileReference; lastKnownFileType = sourcecode.swift; path = CowriterVM.swift; sourceTree = "<group>"; };
		0ECC7BF829DD3DD0002A6B7F /* GrammarView.swift */ = {isa = PBXFileReference; lastKnownFileType = sourcecode.swift; path = GrammarView.swift; sourceTree = "<group>"; };
		0ECC7BFB29DD4D7D002A6B7F /* GrammarActionsView.swift */ = {isa = PBXFileReference; lastKnownFileType = sourcecode.swift; path = GrammarActionsView.swift; sourceTree = "<group>"; };
		0ECC7BFD29DD4EE1002A6B7F /* GrammarVM.swift */ = {isa = PBXFileReference; lastKnownFileType = sourcecode.swift; path = GrammarVM.swift; sourceTree = "<group>"; };
		0ECC7BFF29DD4F1D002A6B7F /* GrammarModel.swift */ = {isa = PBXFileReference; lastKnownFileType = sourcecode.swift; path = GrammarModel.swift; sourceTree = "<group>"; };
		0ECC7C0229DD921A002A6B7F /* CompletionsModel.swift */ = {isa = PBXFileReference; lastKnownFileType = sourcecode.swift; path = CompletionsModel.swift; sourceTree = "<group>"; };
		0ECC7C0529DDA552002A6B7F /* APIEndpoint.swift */ = {isa = PBXFileReference; lastKnownFileType = sourcecode.swift; path = APIEndpoint.swift; sourceTree = "<group>"; };
		0ECC7C0729DDBC92002A6B7F /* Keychain.swift */ = {isa = PBXFileReference; lastKnownFileType = sourcecode.swift; path = Keychain.swift; sourceTree = "<group>"; };
		0ECC7C0A29DEA6E4002A6B7F /* Utils.swift */ = {isa = PBXFileReference; lastKnownFileType = sourcecode.swift; path = Utils.swift; sourceTree = "<group>"; };
		0ECC7C0C29DEAB54002A6B7F /* APIRequest.swift */ = {isa = PBXFileReference; lastKnownFileType = sourcecode.swift; path = APIRequest.swift; sourceTree = "<group>"; };
		0ECC7C0F29DEC31A002A6B7F /* CircularLoading.swift */ = {isa = PBXFileReference; lastKnownFileType = sourcecode.swift; path = CircularLoading.swift; sourceTree = "<group>"; };
		0EE49E0129E6BD790058DB14 /* ThreeDotsLoading.swift */ = {isa = PBXFileReference; lastKnownFileType = sourcecode.swift; path = ThreeDotsLoading.swift; sourceTree = "<group>"; };
		0EE49E0429E6C0600058DB14 /* CowriterView.swift */ = {isa = PBXFileReference; lastKnownFileType = sourcecode.swift; path = CowriterView.swift; sourceTree = "<group>"; };
		0EE49E0729E6C0FA0058DB14 /* HistoryView.swift */ = {isa = PBXFileReference; lastKnownFileType = sourcecode.swift; path = HistoryView.swift; sourceTree = "<group>"; };
		0EE49E0B29E6DCFF0058DB14 /* Extensions.swift */ = {isa = PBXFileReference; lastKnownFileType = sourcecode.swift; path = Extensions.swift; sourceTree = "<group>"; };
		0EE845F52A0529020025060F /* SettingView.swift */ = {isa = PBXFileReference; lastKnownFileType = sourcecode.swift; path = SettingView.swift; sourceTree = "<group>"; };
		0EE845F82A0667BC0025060F /* SubscriptionView.swift */ = {isa = PBXFileReference; lastKnownFileType = sourcecode.swift; path = SubscriptionView.swift; sourceTree = "<group>"; };
		0EE845FA2A0669740025060F /* ItemPlanView.swift */ = {isa = PBXFileReference; lastKnownFileType = sourcecode.swift; path = ItemPlanView.swift; sourceTree = "<group>"; };
		0EE845FC2A0669F70025060F /* Enums.swift */ = {isa = PBXFileReference; lastKnownFileType = sourcecode.swift; path = Enums.swift; sourceTree = "<group>"; };
		0EE845FE2A066A960025060F /* _Shapes.swift */ = {isa = PBXFileReference; lastKnownFileType = sourcecode.swift; path = _Shapes.swift; sourceTree = "<group>"; };
		0EEC231029FC30E00052AA05 /* HamburgerToClose.swift */ = {isa = PBXFileReference; lastKnownFileType = sourcecode.swift; path = HamburgerToClose.swift; sourceTree = "<group>"; };
		0EF164B129F2EC8700CC35B1 /* ChatType+CoreDataClass.swift */ = {isa = PBXFileReference; lastKnownFileType = sourcecode.swift; name = "ChatType+CoreDataClass.swift"; path = "cowriter/Sources/Data/ChatType+CoreDataClass.swift"; sourceTree = SOURCE_ROOT; };
		0EF164B229F2EC8700CC35B1 /* ChatType+CoreDataProperties.swift */ = {isa = PBXFileReference; lastKnownFileType = sourcecode.swift; name = "ChatType+CoreDataProperties.swift"; path = "cowriter/Sources/Data/ChatType+CoreDataProperties.swift"; sourceTree = SOURCE_ROOT; };
		0EF164B329F2EC8700CC35B1 /* ResultType+CoreDataClass.swift */ = {isa = PBXFileReference; lastKnownFileType = sourcecode.swift; name = "ResultType+CoreDataClass.swift"; path = "cowriter/Sources/Data/ResultType+CoreDataClass.swift"; sourceTree = SOURCE_ROOT; };
		0EF164B429F2EC8700CC35B1 /* ResultType+CoreDataProperties.swift */ = {isa = PBXFileReference; lastKnownFileType = sourcecode.swift; name = "ResultType+CoreDataProperties.swift"; path = "cowriter/Sources/Data/ResultType+CoreDataProperties.swift"; sourceTree = SOURCE_ROOT; };
/* End PBXFileReference section */

/* Begin PBXFrameworksBuildPhase section */
		0E6A654729DD25C0003457DF /* Frameworks */ = {
			isa = PBXFrameworksBuildPhase;
			buildActionMask = 2147483647;
			files = (
				0E91DD362A092213005041BA /* iTextField in Frameworks */,
				0EE49E0029E482060058DB14 /* Alamofire in Frameworks */,
				0EB8ABFA29ED229900B882DA /* PhotonOpenAIKit in Frameworks */,
				0E5048EA2A0C1228006E55EF /* GPT3 Tokenizer in Frameworks */,
			);
			runOnlyForDeploymentPostprocessing = 0;
		};
/* End PBXFrameworksBuildPhase section */

/* Begin PBXGroup section */
		0E6A654129DD25C0003457DF = {
			isa = PBXGroup;
			children = (
				0E5CB96A2A09FAF8000A0B94 /* MainConfiguration.storekit */,
				0E6A654C29DD25C0003457DF /* cowriter */,
				0E6A654B29DD25C0003457DF /* Products */,
			);
			sourceTree = "<group>";
		};
		0E6A654B29DD25C0003457DF /* Products */ = {
			isa = PBXGroup;
			children = (
				0E6A654A29DD25C0003457DF /* cowriter.app */,
			);
			name = Products;
			sourceTree = "<group>";
		};
		0E6A654C29DD25C0003457DF /* cowriter */ = {
			isa = PBXGroup;
			children = (
				0E6A654D29DD25C0003457DF /* cowriterApp.swift */,
				0E6A656129DD2783003457DF /* Sources */,
				0E6A656529DD2803003457DF /* Resources */,
			);
			path = cowriter;
			sourceTree = "<group>";
		};
		0E6A656129DD2783003457DF /* Sources */ = {
			isa = PBXGroup;
			children = (
				0E6A656729DD2923003457DF /* Data */,
				0E6A656229DD2790003457DF /* Models */,
				0E6A656329DD2798003457DF /* Views */,
				0E6A656429DD27E1003457DF /* ViewModels */,
				0E6A656629DD2891003457DF /* Services */,
				0ECC7C0929DEA6CF002A6B7F /* Utilities */,
			);
			path = Sources;
			sourceTree = "<group>";
		};
		0E6A656229DD2790003457DF /* Models */ = {
			isa = PBXGroup;
			children = (
				0ECC7BFF29DD4F1D002A6B7F /* GrammarModel.swift */,
				0ECC7C0229DD921A002A6B7F /* CompletionsModel.swift */,
				0E0A9D5929E9CB3B00D7BEC5 /* ChatModel.swift */,
				0EB8ABFF29ED6DEE00B882DA /* CowriterModel.swift */,
				0EE845FC2A0669F70025060F /* Enums.swift */,
			);
			path = Models;
			sourceTree = "<group>";
		};
		0E6A656329DD2798003457DF /* Views */ = {
			isa = PBXGroup;
			children = (
				0E6A654F29DD25C0003457DF /* ContentView.swift */,
				0ECC7C0E29DEC309002A6B7F /* Shared */,
				0EE845F42A0528E60025060F /* Setting */,
				0EE49E0329E6C04C0058DB14 /* Cowriter */,
				0EB86DDA29FEE0D6005B5EE1 /* Assist */,
				0ECC7BFA29DD4D5C002A6B7F /* Grammar */,
				0EE49E0629E6C0E90058DB14 /* History */,
			);
			path = Views;
			sourceTree = "<group>";
		};
		0E6A656429DD27E1003457DF /* ViewModels */ = {
			isa = PBXGroup;
			children = (
				0EC312E629E80C1B00C9FE68 /* CowriterVM.swift */,
				0ECC7BFD29DD4EE1002A6B7F /* GrammarVM.swift */,
			);
			path = ViewModels;
			sourceTree = "<group>";
		};
		0E6A656529DD2803003457DF /* Resources */ = {
			isa = PBXGroup;
			children = (
				0E6A655129DD25C1003457DF /* Assets.xcassets */,
				0E6A655B29DD25C1003457DF /* Info.plist */,
			);
			path = Resources;
			sourceTree = "<group>";
		};
		0E6A656629DD2891003457DF /* Services */ = {
			isa = PBXGroup;
			children = (
				0ECC7C0529DDA552002A6B7F /* APIEndpoint.swift */,
				0ECC7C0729DDBC92002A6B7F /* Keychain.swift */,
				0ECC7C0C29DEAB54002A6B7F /* APIRequest.swift */,
			);
			path = Services;
			sourceTree = "<group>";
		};
		0E6A656729DD2923003457DF /* Data */ = {
			isa = PBXGroup;
			children = (
				0EF164B129F2EC8700CC35B1 /* ChatType+CoreDataClass.swift */,
				0EF164B229F2EC8700CC35B1 /* ChatType+CoreDataProperties.swift */,
				0EF164B329F2EC8700CC35B1 /* ResultType+CoreDataClass.swift */,
				0EF164B429F2EC8700CC35B1 /* ResultType+CoreDataProperties.swift */,
				0E6A655629DD25C1003457DF /* Persistence.swift */,
				0E6A655829DD25C1003457DF /* cowriter.xcdatamodeld */,
			);
			path = Data;
			sourceTree = "<group>";
		};
		0E91DD2A2A08D3CC005041BA /* ChatView */ = {
			isa = PBXGroup;
			children = (
				0E91DD2B2A08D400005041BA /* BubbleChatViews.swift */,
				0E7C413F29F95CE50075B638 /* ChatView.swift */,
			);
			path = ChatView;
			sourceTree = "<group>";
		};
		0EB86DD929FEE037005B5EE1 /* SubView */ = {
			isa = PBXGroup;
			children = (
				0EB8ABFC29ED276F00B882DA /* ResultCard.swift */,
			);
			path = SubView;
			sourceTree = "<group>";
		};
		0EB86DDA29FEE0D6005B5EE1 /* Assist */ = {
			isa = PBXGroup;
			children = (
				0EB86DDB29FEE107005B5EE1 /* AsisstView.swift */,
			);
			path = Assist;
			sourceTree = "<group>";
		};
		0EB8ABFE29ED46DC00B882DA /* Subview */ = {
			isa = PBXGroup;
			children = (
				0E91DD2A2A08D3CC005041BA /* ChatView */,
				0EEC231029FC30E00052AA05 /* HamburgerToClose.swift */,
				0E380FBA2A069420002F0B2E /* SideBarView.swift */,
				0E91DD2F2A08D517005041BA /* GreetingView.swift */,
				0E91DD2D2A08D4D2005041BA /* CowriterToolbarView.swift */,
			);
			path = Subview;
			sourceTree = "<group>";
		};
		0ECC7BFA29DD4D5C002A6B7F /* Grammar */ = {
			isa = PBXGroup;
			children = (
				0EB86DD929FEE037005B5EE1 /* SubView */,
				0ECC7BF829DD3DD0002A6B7F /* GrammarView.swift */,
				0ECC7BFB29DD4D7D002A6B7F /* GrammarActionsView.swift */,
			);
			path = Grammar;
			sourceTree = "<group>";
		};
		0ECC7C0929DEA6CF002A6B7F /* Utilities */ = {
			isa = PBXGroup;
			children = (
				0ECC7C0A29DEA6E4002A6B7F /* Utils.swift */,
				0EE49E0B29E6DCFF0058DB14 /* Extensions.swift */,
			);
			path = Utilities;
			sourceTree = "<group>";
		};
		0ECC7C0E29DEC309002A6B7F /* Shared */ = {
			isa = PBXGroup;
			children = (
				0EE845FE2A066A960025060F /* _Shapes.swift */,
				0E0A9D5529E9BFDB00D7BEC5 /* CowriterLogo.swift */,
				0ECC7C0F29DEC31A002A6B7F /* CircularLoading.swift */,
				0EE49E0129E6BD790058DB14 /* ThreeDotsLoading.swift */,
				0E0A636F29ED9E1400DB7540 /* RefreshButton.swift */,
				0E0A637129ED9F3C00DB7540 /* MagicButton.swift */,
				0EB86DD229FE5F41005B5EE1 /* ErrorMessageView.swift */,
				0E0A9D5729E9C0AA00D7BEC5 /* Prompter.swift */,
			);
			path = Shared;
			sourceTree = "<group>";
		};
		0EE49E0329E6C04C0058DB14 /* Cowriter */ = {
			isa = PBXGroup;
			children = (
				0EB8ABFE29ED46DC00B882DA /* Subview */,
				0EE49E0429E6C0600058DB14 /* CowriterView.swift */,
			);
			path = Cowriter;
			sourceTree = "<group>";
		};
		0EE49E0629E6C0E90058DB14 /* History */ = {
			isa = PBXGroup;
			children = (
				0EE49E0729E6C0FA0058DB14 /* HistoryView.swift */,
			);
			path = History;
			sourceTree = "<group>";
		};
		0EE845F42A0528E60025060F /* Setting */ = {
			isa = PBXGroup;
			children = (
				0EE845F72A0667910025060F /* SubViews */,
				0EE845F52A0529020025060F /* SettingView.swift */,
			);
			path = Setting;
			sourceTree = "<group>";
		};
		0EE845F72A0667910025060F /* SubViews */ = {
			isa = PBXGroup;
			children = (
				0EE845F82A0667BC0025060F /* SubscriptionView.swift */,
				0EE845FA2A0669740025060F /* ItemPlanView.swift */,
				0E5CB96E2A0A0AFF000A0B94 /* PurchaseManager.swift */,
				0E5CB9722A0A45F3000A0B94 /* EntitlementManager.swift */,
			);
			path = SubViews;
			sourceTree = "<group>";
		};
/* End PBXGroup section */

/* Begin PBXNativeTarget section */
		0E6A654929DD25C0003457DF /* cowriter */ = {
			isa = PBXNativeTarget;
			buildConfigurationList = 0E6A655E29DD25C1003457DF /* Build configuration list for PBXNativeTarget "cowriter" */;
			buildPhases = (
				0E6A654629DD25C0003457DF /* Sources */,
				0E6A654729DD25C0003457DF /* Frameworks */,
				0E6A654829DD25C0003457DF /* Resources */,
			);
			buildRules = (
			);
			dependencies = (
			);
			name = cowriter;
			packageProductDependencies = (
				0EE49DFF29E482060058DB14 /* Alamofire */,
				0EB8ABF929ED229900B882DA /* PhotonOpenAIKit */,
				0E91DD352A092213005041BA /* iTextField */,
				0E5048E92A0C1228006E55EF /* GPT3 Tokenizer */,
			);
			productName = cowriter;
			productReference = 0E6A654A29DD25C0003457DF /* cowriter.app */;
			productType = "com.apple.product-type.application";
		};
/* End PBXNativeTarget section */

/* Begin PBXProject section */
		0E6A654229DD25C0003457DF /* Project object */ = {
			isa = PBXProject;
			attributes = {
				BuildIndependentTargetsInParallel = 1;
				LastSwiftUpdateCheck = 1420;
				LastUpgradeCheck = 1420;
				TargetAttributes = {
					0E6A654929DD25C0003457DF = {
						CreatedOnToolsVersion = 14.2;
					};
				};
			};
			buildConfigurationList = 0E6A654529DD25C0003457DF /* Build configuration list for PBXProject "cowriter" */;
			compatibilityVersion = "Xcode 14.0";
			developmentRegion = en;
			hasScannedForEncodings = 0;
			knownRegions = (
				en,
				Base,
			);
			mainGroup = 0E6A654129DD25C0003457DF;
			packageReferences = (
				0EE49DFE29E482060058DB14 /* XCRemoteSwiftPackageReference "Alamofire" */,
				0EB8ABF829ED229800B882DA /* XCRemoteSwiftPackageReference "PhotonOpenAIKit" */,
				0E91DD312A09211C005041BA /* XCRemoteSwiftPackageReference "iTextField" */,
				0E5048E82A0C1228006E55EF /* XCRemoteSwiftPackageReference "GPT3-Tokenizer" */,
			);
			productRefGroup = 0E6A654B29DD25C0003457DF /* Products */;
			projectDirPath = "";
			projectRoot = "";
			targets = (
				0E6A654929DD25C0003457DF /* cowriter */,
			);
		};
/* End PBXProject section */

/* Begin PBXResourcesBuildPhase section */
		0E6A654829DD25C0003457DF /* Resources */ = {
			isa = PBXResourcesBuildPhase;
			buildActionMask = 2147483647;
			files = (
				0E5CB96B2A09FAF8000A0B94 /* MainConfiguration.storekit in Resources */,
				0E6A655229DD25C1003457DF /* Assets.xcassets in Resources */,
			);
			runOnlyForDeploymentPostprocessing = 0;
		};
/* End PBXResourcesBuildPhase section */

/* Begin PBXSourcesBuildPhase section */
		0E6A654629DD25C0003457DF /* Sources */ = {
			isa = PBXSourcesBuildPhase;
			buildActionMask = 2147483647;
			files = (
				0EE845FD2A0669F70025060F /* Enums.swift in Sources */,
				0EF164B729F2EC8700CC35B1 /* ResultType+CoreDataClass.swift in Sources */,
				0EE49E0229E6BD790058DB14 /* ThreeDotsLoading.swift in Sources */,
				0ECC7C0329DD921A002A6B7F /* CompletionsModel.swift in Sources */,
				0EB86DD329FE5F41005B5EE1 /* ErrorMessageView.swift in Sources */,
				0EEC231129FC30E00052AA05 /* HamburgerToClose.swift in Sources */,
				0EE845F92A0667BC0025060F /* SubscriptionView.swift in Sources */,
				0E91DD2E2A08D4D2005041BA /* CowriterToolbarView.swift in Sources */,
				0ECC7C1029DEC31A002A6B7F /* CircularLoading.swift in Sources */,
				0E0A637029ED9E1400DB7540 /* RefreshButton.swift in Sources */,
				0ECC7C0829DDBC92002A6B7F /* Keychain.swift in Sources */,
				0ECC7C0D29DEAB54002A6B7F /* APIRequest.swift in Sources */,
				0ECC7BFC29DD4D7D002A6B7F /* GrammarActionsView.swift in Sources */,
				0E6A655A29DD25C1003457DF /* cowriter.xcdatamodeld in Sources */,
				0EE49E0C29E6DCFF0058DB14 /* Extensions.swift in Sources */,
				0EE49E0529E6C0600058DB14 /* CowriterView.swift in Sources */,
				0E0A9D5829E9C0AA00D7BEC5 /* Prompter.swift in Sources */,
				0EB8AC0029ED6DEE00B882DA /* CowriterModel.swift in Sources */,
				0E5CB96F2A0A0AFF000A0B94 /* PurchaseManager.swift in Sources */,
				0ECC7BF929DD3DD0002A6B7F /* GrammarView.swift in Sources */,
				0EE845FB2A0669740025060F /* ItemPlanView.swift in Sources */,
				0E0A9D5A29E9CB3B00D7BEC5 /* ChatModel.swift in Sources */,
				0E6A655729DD25C1003457DF /* Persistence.swift in Sources */,
				0E6A655029DD25C0003457DF /* ContentView.swift in Sources */,
				0E380FBB2A069420002F0B2E /* SideBarView.swift in Sources */,
				0ECC7C0029DD4F1D002A6B7F /* GrammarModel.swift in Sources */,
				0E6A654E29DD25C0003457DF /* cowriterApp.swift in Sources */,
				0ECC7BFE29DD4EE1002A6B7F /* GrammarVM.swift in Sources */,
				0EF164B529F2EC8700CC35B1 /* ChatType+CoreDataClass.swift in Sources */,
				0ECC7C0629DDA552002A6B7F /* APIEndpoint.swift in Sources */,
				0E0A637229ED9F3C00DB7540 /* MagicButton.swift in Sources */,
				0EF164B829F2EC8700CC35B1 /* ResultType+CoreDataProperties.swift in Sources */,
				0EF164B629F2EC8700CC35B1 /* ChatType+CoreDataProperties.swift in Sources */,
				0EE845F62A0529020025060F /* SettingView.swift in Sources */,
				0EC312E729E80C1B00C9FE68 /* CowriterVM.swift in Sources */,
				0E5CB9732A0A45F3000A0B94 /* EntitlementManager.swift in Sources */,
				0EE845FF2A066A960025060F /* _Shapes.swift in Sources */,
				0E91DD302A08D517005041BA /* GreetingView.swift in Sources */,
				0E7C414029F95CE50075B638 /* ChatView.swift in Sources */,
				0E0A9D5629E9BFDB00D7BEC5 /* CowriterLogo.swift in Sources */,
				0EE49E0829E6C0FA0058DB14 /* HistoryView.swift in Sources */,
				0EB86DDC29FEE107005B5EE1 /* AsisstView.swift in Sources */,
				0ECC7C0B29DEA6E4002A6B7F /* Utils.swift in Sources */,
				0E91DD2C2A08D400005041BA /* BubbleChatViews.swift in Sources */,
				0EB8ABFD29ED276F00B882DA /* ResultCard.swift in Sources */,
			);
			runOnlyForDeploymentPostprocessing = 0;
		};
/* End PBXSourcesBuildPhase section */

/* Begin XCBuildConfiguration section */
		0E6A655C29DD25C1003457DF /* Debug */ = {
			isa = XCBuildConfiguration;
			buildSettings = {
				ALWAYS_SEARCH_USER_PATHS = NO;
				CLANG_ANALYZER_NONNULL = YES;
				CLANG_ANALYZER_NUMBER_OBJECT_CONVERSION = YES_AGGRESSIVE;
				CLANG_CXX_LANGUAGE_STANDARD = "gnu++20";
				CLANG_ENABLE_MODULES = YES;
				CLANG_ENABLE_OBJC_ARC = YES;
				CLANG_ENABLE_OBJC_WEAK = YES;
				CLANG_WARN_BLOCK_CAPTURE_AUTORELEASING = YES;
				CLANG_WARN_BOOL_CONVERSION = YES;
				CLANG_WARN_COMMA = YES;
				CLANG_WARN_CONSTANT_CONVERSION = YES;
				CLANG_WARN_DEPRECATED_OBJC_IMPLEMENTATIONS = YES;
				CLANG_WARN_DIRECT_OBJC_ISA_USAGE = YES_ERROR;
				CLANG_WARN_DOCUMENTATION_COMMENTS = YES;
				CLANG_WARN_EMPTY_BODY = YES;
				CLANG_WARN_ENUM_CONVERSION = YES;
				CLANG_WARN_INFINITE_RECURSION = YES;
				CLANG_WARN_INT_CONVERSION = YES;
				CLANG_WARN_NON_LITERAL_NULL_CONVERSION = YES;
				CLANG_WARN_OBJC_IMPLICIT_RETAIN_SELF = YES;
				CLANG_WARN_OBJC_LITERAL_CONVERSION = YES;
				CLANG_WARN_OBJC_ROOT_CLASS = YES_ERROR;
				CLANG_WARN_QUOTED_INCLUDE_IN_FRAMEWORK_HEADER = YES;
				CLANG_WARN_RANGE_LOOP_ANALYSIS = YES;
				CLANG_WARN_STRICT_PROTOTYPES = YES;
				CLANG_WARN_SUSPICIOUS_MOVE = YES;
				CLANG_WARN_UNGUARDED_AVAILABILITY = YES_AGGRESSIVE;
				CLANG_WARN_UNREACHABLE_CODE = YES;
				CLANG_WARN__DUPLICATE_METHOD_MATCH = YES;
				COPY_PHASE_STRIP = NO;
				DEBUG_INFORMATION_FORMAT = dwarf;
				ENABLE_STRICT_OBJC_MSGSEND = YES;
				ENABLE_TESTABILITY = YES;
				GCC_C_LANGUAGE_STANDARD = gnu11;
				GCC_DYNAMIC_NO_PIC = NO;
				GCC_NO_COMMON_BLOCKS = YES;
				GCC_OPTIMIZATION_LEVEL = 0;
				GCC_PREPROCESSOR_DEFINITIONS = (
					"DEBUG=1",
					"$(inherited)",
				);
				GCC_WARN_64_TO_32_BIT_CONVERSION = YES;
				GCC_WARN_ABOUT_RETURN_TYPE = YES_ERROR;
				GCC_WARN_UNDECLARED_SELECTOR = YES;
				GCC_WARN_UNINITIALIZED_AUTOS = YES_AGGRESSIVE;
				GCC_WARN_UNUSED_FUNCTION = YES;
				GCC_WARN_UNUSED_VARIABLE = YES;
				IPHONEOS_DEPLOYMENT_TARGET = 15.0;
				MTL_ENABLE_DEBUG_INFO = INCLUDE_SOURCE;
				MTL_FAST_MATH = YES;
				ONLY_ACTIVE_ARCH = YES;
				SDKROOT = iphoneos;
				SWIFT_ACTIVE_COMPILATION_CONDITIONS = DEBUG;
				SWIFT_OPTIMIZATION_LEVEL = "-Onone";
			};
			name = Debug;
		};
		0E6A655D29DD25C1003457DF /* Release */ = {
			isa = XCBuildConfiguration;
			buildSettings = {
				ALWAYS_SEARCH_USER_PATHS = NO;
				CLANG_ANALYZER_NONNULL = YES;
				CLANG_ANALYZER_NUMBER_OBJECT_CONVERSION = YES_AGGRESSIVE;
				CLANG_CXX_LANGUAGE_STANDARD = "gnu++20";
				CLANG_ENABLE_MODULES = YES;
				CLANG_ENABLE_OBJC_ARC = YES;
				CLANG_ENABLE_OBJC_WEAK = YES;
				CLANG_WARN_BLOCK_CAPTURE_AUTORELEASING = YES;
				CLANG_WARN_BOOL_CONVERSION = YES;
				CLANG_WARN_COMMA = YES;
				CLANG_WARN_CONSTANT_CONVERSION = YES;
				CLANG_WARN_DEPRECATED_OBJC_IMPLEMENTATIONS = YES;
				CLANG_WARN_DIRECT_OBJC_ISA_USAGE = YES_ERROR;
				CLANG_WARN_DOCUMENTATION_COMMENTS = YES;
				CLANG_WARN_EMPTY_BODY = YES;
				CLANG_WARN_ENUM_CONVERSION = YES;
				CLANG_WARN_INFINITE_RECURSION = YES;
				CLANG_WARN_INT_CONVERSION = YES;
				CLANG_WARN_NON_LITERAL_NULL_CONVERSION = YES;
				CLANG_WARN_OBJC_IMPLICIT_RETAIN_SELF = YES;
				CLANG_WARN_OBJC_LITERAL_CONVERSION = YES;
				CLANG_WARN_OBJC_ROOT_CLASS = YES_ERROR;
				CLANG_WARN_QUOTED_INCLUDE_IN_FRAMEWORK_HEADER = YES;
				CLANG_WARN_RANGE_LOOP_ANALYSIS = YES;
				CLANG_WARN_STRICT_PROTOTYPES = YES;
				CLANG_WARN_SUSPICIOUS_MOVE = YES;
				CLANG_WARN_UNGUARDED_AVAILABILITY = YES_AGGRESSIVE;
				CLANG_WARN_UNREACHABLE_CODE = YES;
				CLANG_WARN__DUPLICATE_METHOD_MATCH = YES;
				COPY_PHASE_STRIP = NO;
				DEBUG_INFORMATION_FORMAT = "dwarf-with-dsym";
				ENABLE_NS_ASSERTIONS = NO;
				ENABLE_STRICT_OBJC_MSGSEND = YES;
				GCC_C_LANGUAGE_STANDARD = gnu11;
				GCC_NO_COMMON_BLOCKS = YES;
				GCC_WARN_64_TO_32_BIT_CONVERSION = YES;
				GCC_WARN_ABOUT_RETURN_TYPE = YES_ERROR;
				GCC_WARN_UNDECLARED_SELECTOR = YES;
				GCC_WARN_UNINITIALIZED_AUTOS = YES_AGGRESSIVE;
				GCC_WARN_UNUSED_FUNCTION = YES;
				GCC_WARN_UNUSED_VARIABLE = YES;
				IPHONEOS_DEPLOYMENT_TARGET = 15.0;
				MTL_ENABLE_DEBUG_INFO = NO;
				MTL_FAST_MATH = YES;
				SDKROOT = iphoneos;
				SWIFT_COMPILATION_MODE = wholemodule;
				SWIFT_OPTIMIZATION_LEVEL = "-O";
				VALIDATE_PRODUCT = YES;
			};
			name = Release;
		};
		0E6A655F29DD25C1003457DF /* Debug */ = {
			isa = XCBuildConfiguration;
			buildSettings = {
				ASSETCATALOG_COMPILER_APPICON_NAME = AppIcon;
				ASSETCATALOG_COMPILER_GLOBAL_ACCENT_COLOR_NAME = AccentColor;
				CODE_SIGN_STYLE = Automatic;
				CURRENT_PROJECT_VERSION = 1;
				DEVELOPMENT_ASSET_PATHS = "";
				DEVELOPMENT_TEAM = 474XANH3RF;
				ENABLE_PREVIEWS = YES;
				GENERATE_INFOPLIST_FILE = YES;
				INFOPLIST_FILE = cowriter/Resources/Info.plist;
				INFOPLIST_KEY_CFBundleDisplayName = Cowriter;
				INFOPLIST_KEY_LSApplicationCategoryType = "public.app-category.productivity";
				INFOPLIST_KEY_UIApplicationSupportsIndirectInputEvents = YES;
				INFOPLIST_KEY_UILaunchScreen_Generation = YES;
				INFOPLIST_KEY_UISupportedInterfaceOrientations = UIInterfaceOrientationPortrait;
				INFOPLIST_KEY_UISupportedInterfaceOrientations_iPad = "UIInterfaceOrientationLandscapeLeft UIInterfaceOrientationLandscapeRight UIInterfaceOrientationPortrait UIInterfaceOrientationPortraitUpsideDown";
				IPHONEOS_DEPLOYMENT_TARGET = 15.0;
				LD_RUNPATH_SEARCH_PATHS = (
					"$(inherited)",
					"@executable_path/Frameworks",
				);
				MARKETING_VERSION = 1.0;
				PRODUCT_BUNDLE_IDENTIFIER = ditcu.cowriter;
				PRODUCT_NAME = "$(TARGET_NAME)";
				SUPPORTED_PLATFORMS = "iphoneos iphonesimulator";
				SUPPORTS_MACCATALYST = NO;
				SUPPORTS_MAC_DESIGNED_FOR_IPHONE_IPAD = NO;
				SWIFT_EMIT_LOC_STRINGS = YES;
				SWIFT_VERSION = 5.0;
				TARGETED_DEVICE_FAMILY = 1;
			};
			name = Debug;
		};
		0E6A656029DD25C1003457DF /* Release */ = {
			isa = XCBuildConfiguration;
			buildSettings = {
				ASSETCATALOG_COMPILER_APPICON_NAME = AppIcon;
				ASSETCATALOG_COMPILER_GLOBAL_ACCENT_COLOR_NAME = AccentColor;
				CODE_SIGN_STYLE = Automatic;
				CURRENT_PROJECT_VERSION = 1;
				DEVELOPMENT_ASSET_PATHS = "";
				DEVELOPMENT_TEAM = 474XANH3RF;
				ENABLE_PREVIEWS = YES;
				GENERATE_INFOPLIST_FILE = YES;
				INFOPLIST_FILE = cowriter/Resources/Info.plist;
				INFOPLIST_KEY_CFBundleDisplayName = Cowriter;
				INFOPLIST_KEY_LSApplicationCategoryType = "public.app-category.productivity";
				INFOPLIST_KEY_UIApplicationSupportsIndirectInputEvents = YES;
				INFOPLIST_KEY_UILaunchScreen_Generation = YES;
				INFOPLIST_KEY_UISupportedInterfaceOrientations = UIInterfaceOrientationPortrait;
				INFOPLIST_KEY_UISupportedInterfaceOrientations_iPad = "UIInterfaceOrientationLandscapeLeft UIInterfaceOrientationLandscapeRight UIInterfaceOrientationPortrait UIInterfaceOrientationPortraitUpsideDown";
				IPHONEOS_DEPLOYMENT_TARGET = 15.0;
				LD_RUNPATH_SEARCH_PATHS = (
					"$(inherited)",
					"@executable_path/Frameworks",
				);
				MARKETING_VERSION = 1.0;
				PRODUCT_BUNDLE_IDENTIFIER = ditcu.cowriter;
				PRODUCT_NAME = "$(TARGET_NAME)";
				SUPPORTED_PLATFORMS = "iphoneos iphonesimulator";
				SUPPORTS_MACCATALYST = NO;
				SUPPORTS_MAC_DESIGNED_FOR_IPHONE_IPAD = NO;
				SWIFT_EMIT_LOC_STRINGS = YES;
				SWIFT_VERSION = 5.0;
				TARGETED_DEVICE_FAMILY = 1;
			};
			name = Release;
		};
/* End XCBuildConfiguration section */

/* Begin XCConfigurationList section */
		0E6A654529DD25C0003457DF /* Build configuration list for PBXProject "cowriter" */ = {
			isa = XCConfigurationList;
			buildConfigurations = (
				0E6A655C29DD25C1003457DF /* Debug */,
				0E6A655D29DD25C1003457DF /* Release */,
			);
			defaultConfigurationIsVisible = 0;
			defaultConfigurationName = Release;
		};
		0E6A655E29DD25C1003457DF /* Build configuration list for PBXNativeTarget "cowriter" */ = {
			isa = XCConfigurationList;
			buildConfigurations = (
				0E6A655F29DD25C1003457DF /* Debug */,
				0E6A656029DD25C1003457DF /* Release */,
			);
			defaultConfigurationIsVisible = 0;
			defaultConfigurationName = Release;
		};
/* End XCConfigurationList section */

/* Begin XCRemoteSwiftPackageReference section */
		0E5048E82A0C1228006E55EF /* XCRemoteSwiftPackageReference "GPT3-Tokenizer" */ = {
			isa = XCRemoteSwiftPackageReference;
			repositoryURL = "https://github.com/aespinilla/GPT3-Tokenizer.git";
			requirement = {
				kind = upToNextMajorVersion;
				minimumVersion = 0.1.2;
			};
		};
		0E91DD312A09211C005041BA /* XCRemoteSwiftPackageReference "iTextField" */ = {
			isa = XCRemoteSwiftPackageReference;
			repositoryURL = "https://github.com/benjaminsage/iTextField";
			requirement = {
				branch = master;
				kind = branch;
			};
		};
		0EB8ABF829ED229800B882DA /* XCRemoteSwiftPackageReference "PhotonOpenAIKit" */ = {
			isa = XCRemoteSwiftPackageReference;
			repositoryURL = "https://github.com/JuniperPhoton/PhotonOpenAIKit";
			requirement = {
				branch = main;
				kind = branch;
			};
		};
		0EE49DFE29E482060058DB14 /* XCRemoteSwiftPackageReference "Alamofire" */ = {
			isa = XCRemoteSwiftPackageReference;
			repositoryURL = "https://github.com/Alamofire/Alamofire.git";
			requirement = {
				kind = upToNextMajorVersion;
				minimumVersion = 5.0.0;
			};
		};
/* End XCRemoteSwiftPackageReference section */

/* Begin XCSwiftPackageProductDependency section */
		0E5048E92A0C1228006E55EF /* GPT3 Tokenizer */ = {
			isa = XCSwiftPackageProductDependency;
			package = 0E5048E82A0C1228006E55EF /* XCRemoteSwiftPackageReference "GPT3-Tokenizer" */;
			productName = "GPT3 Tokenizer";
		};
		0E91DD352A092213005041BA /* iTextField */ = {
			isa = XCSwiftPackageProductDependency;
			package = 0E91DD312A09211C005041BA /* XCRemoteSwiftPackageReference "iTextField" */;
			productName = iTextField;
		};
		0EB8ABF929ED229900B882DA /* PhotonOpenAIKit */ = {
			isa = XCSwiftPackageProductDependency;
			package = 0EB8ABF829ED229800B882DA /* XCRemoteSwiftPackageReference "PhotonOpenAIKit" */;
			productName = PhotonOpenAIKit;
		};
		0EE49DFF29E482060058DB14 /* Alamofire */ = {
			isa = XCSwiftPackageProductDependency;
			package = 0EE49DFE29E482060058DB14 /* XCRemoteSwiftPackageReference "Alamofire" */;
			productName = Alamofire;
		};
/* End XCSwiftPackageProductDependency section */

/* Begin XCVersionGroup section */
		0E6A655829DD25C1003457DF /* cowriter.xcdatamodeld */ = {
			isa = XCVersionGroup;
			children = (
				0E6A655929DD25C1003457DF /* cowriter.xcdatamodel */,
			);
			currentVersion = 0E6A655929DD25C1003457DF /* cowriter.xcdatamodel */;
			path = cowriter.xcdatamodeld;
			sourceTree = "<group>";
			versionGroupType = wrapper.xcdatamodel;
		};
/* End XCVersionGroup section */
	};
	rootObject = 0E6A654229DD25C0003457DF /* Project object */;
}
