{
  "pins" : [
    {
      "identity" : "alamofire",
      "kind" : "remoteSourceControl",
      "location" : "https://github.com/Alamofire/Alamofire.git",
      "state" : {
        "revision" : "bc268c28fb170f494de9e9927c371b8342979ece",
        "version" : "5.7.1"
      }
    },
    {
      "identity" : "alamofireeventsource",
      "kind" : "remoteSourceControl",
      "location" : "https://github.com/JuniperPhoton/AlamofireEventSource",
      "state" : {
        "revision" : "fb2064e4907f6f38debaa5cc136f390722c33f22",
        "version" : "1.0.1"
      }
    },
    {
      "identity" : "gpt3-tokenizer",
      "kind" : "remoteSourceControl",
      "location" : "https://github.com/aespinilla/GPT3-Tokenizer.git",
      "state" : {
        "revision" : "cadab0d19a1602cc505493990a9fc4810d8e3070",
        "version" : "0.1.2"
      }
    },
    {
      "identity" : "ink",
      "kind" : "remoteSourceControl",
      "location" : "https://github.com/JohnSundell/Ink",
      "state" : {
        "revision" : "bcc9f219900a62c4210e6db726035d7f03ae757b",
        "version" : "0.6.0"
      }
    },
    {
      "identity" : "photonopenaikit",
      "kind" : "remoteSourceControl",
      "location" : "https://github.com/ditcu-code/PhotonOpenAIKit",
      "state" : {
        "branch" : "main",
        "revision" : "c27308dc784d2a67e48be6d54ddf198278638ac4"
      }
    }
  ],
  "version" : 2
}
