{
  "originHash" : "dfb7d6104c107d40e9456b1213cff3edbf279d1dc4b1aa0d96f7c5e7ab3f15e3",
  "pins" : [
    {
      "identity" : "alamofire",
      "kind" : "remoteSourceControl",
      "location" : "https://github.com/Alamofire/Alamofire.git",
      "state" : {
        "revision" : "bc268c28fb170f494de9e9927c371b8342979ece",
        "version" : "5.7.1"
      }
    },
    {
      "identity" : "alamofireeventsource",
      "kind" : "remoteSourceControl",
      "location" : "https://github.com/JuniperPhoton/AlamofireEventSource",
      "state" : {
        "revision" : "fb2064e4907f6f38debaa5cc136f390722c33f22",
        "version" : "1.0.1"
      }
    },
    {
      "identity" : "gpt3-tokenizer",
      "kind" : "remoteSourceControl",
      "location" : "https://github.com/aespinilla/GPT3-Tokenizer.git",
      "state" : {
        "revision" : "cadab0d19a1602cc505493990a9fc4810d8e3070",
        "version" : "0.1.2"
      }
    },
    {
      "identity" : "photonopenaikit",
      "kind" : "remoteSourceControl",
      "location" : "https://github.com/ditcu-code/PhotonOpenAIKit",
      "state" : {
        "branch" : "main",
        "revision" : "0f8ad20d9316dc9ce60e0b1a105cc4f12e4071ea"
      }
    },
    {
      "identity" : "purchases-ios-spm",
      "kind" : "remoteSourceControl",
      "location" : "https://github.com/RevenueCat/purchases-ios-spm.git",
      "state" : {
        "revision" : "5a0985f297ccd8870c85d86fde97695ca466ff99",
        "version" : "5.45.0"
      }
    }
  ],
  "version" : 3
}
